// !$*UTF8*$!
{
	archiveVersion = 1;
	classes = {
	};
	objectVersion = 46;
	objects = {

/* Begin PBXBuildFile section */
		08CF424122F5D177FE38852F /* Pods.framework in Frameworks */ = {isa = PBXBuildFile; fileRef = B77C71BFF06C1B554EEEC53C /* Pods.framework */; };
		7A81F60957113DF73385C2B0 /* Pods.framework in Frameworks */ = {isa = PBXBuildFile; fileRef = B77C71BFF06C1B554EEEC53C /* Pods.framework */; };
		9F183F721CA9D993002F4C5F /* HandsCollectionViewController.swift in Sources */ = {isa = PBXBuildFile; fileRef = 9F183F711CA9D993002F4C5F /* HandsCollectionViewController.swift */; };
		9F1927091CA3260B009F7E30 /* HandsCollectionViewLayout.swift in Sources */ = {isa = PBXBuildFile; fileRef = 9F1927081CA3260B009F7E30 /* HandsCollectionViewLayout.swift */; };
		9F1BD3561C93701C00020AAA /* SharingItem.swift in Sources */ = {isa = PBXBuildFile; fileRef = 9F1BD3551C93701C00020AAA /* SharingItem.swift */; };
		9F1DDD091C89022A005F1D72 /* NavigationManager.swift in Sources */ = {isa = PBXBuildFile; fileRef = 9F1DDD081C89022A005F1D72 /* NavigationManager.swift */; };
		9F1DDD231C8A130E005F1D72 /* SharingManager.swift in Sources */ = {isa = PBXBuildFile; fileRef = 9F1DDD221C8A130E005F1D72 /* SharingManager.swift */; };
		9F1DDD251C8A13B3005F1D72 /* LevelCell.swift in Sources */ = {isa = PBXBuildFile; fileRef = 9F1DDD241C8A13B3005F1D72 /* LevelCell.swift */; };
		9F1DDD271C8A13C7005F1D72 /* LevelCellItem.swift in Sources */ = {isa = PBXBuildFile; fileRef = 9F1DDD261C8A13C7005F1D72 /* LevelCellItem.swift */; };
		9F1DDD291C8D0B27005F1D72 /* HoldemHandsTests.swift in Sources */ = {isa = PBXBuildFile; fileRef = 9F1DDD281C8D0B27005F1D72 /* HoldemHandsTests.swift */; };
		9F3C4B721C91E3C800B37939 /* StatsScreen.swift in Sources */ = {isa = PBXBuildFile; fileRef = 9F3C4B711C91E3C800B37939 /* StatsScreen.swift */; };
		9F3C4B741C91E40800B37939 /* StatsView.swift in Sources */ = {isa = PBXBuildFile; fileRef = 9F3C4B731C91E40800B37939 /* StatsView.swift */; };
		9F3C4BDF1C9251E700B37939 /* BannerView.swift in Sources */ = {isa = PBXBuildFile; fileRef = 9F3C4BDE1C9251E700B37939 /* BannerView.swift */; };
		9F3C4BE21C92586800B37939 /* TextBannerView.swift in Sources */ = {isa = PBXBuildFile; fileRef = 9F3C4BE11C92586800B37939 /* TextBannerView.swift */; };
		9F3C4BE41C9258F200B37939 /* TextBannerView.xib in Resources */ = {isa = PBXBuildFile; fileRef = 9F3C4BE31C9258F200B37939 /* TextBannerView.xib */; };
		9F3C4BE61C925A7A00B37939 /* UIView+Nib.swift in Sources */ = {isa = PBXBuildFile; fileRef = 9F3C4BE51C925A7A00B37939 /* UIView+Nib.swift */; };
		9F3C4BE81C925BDA00B37939 /* PlayerManagerObserver.swift in Sources */ = {isa = PBXBuildFile; fileRef = 9F3C4BE71C925BDA00B37939 /* PlayerManagerObserver.swift */; };
		9F44D20E1C84B21A00640046 /* Assets.xcassets in Resources */ = {isa = PBXBuildFile; fileRef = 9F44D1F51C84B21A00640046 /* Assets.xcassets */; };
		9F44D20F1C84B21A00640046 /* LaunchScreen.storyboard in Resources */ = {isa = PBXBuildFile; fileRef = 9F44D1F61C84B21A00640046 /* LaunchScreen.storyboard */; };
		9F44D2101C84B21A00640046 /* Main.storyboard in Resources */ = {isa = PBXBuildFile; fileRef = 9F44D1F81C84B21A00640046 /* Main.storyboard */; };
		9F44D2121C84B21A00640046 /* AppDelegate.swift in Sources */ = {isa = PBXBuildFile; fileRef = 9F44D1FC1C84B21A00640046 /* AppDelegate.swift */; };
		9F44D2131C84B21A00640046 /* Card.swift in Sources */ = {isa = PBXBuildFile; fileRef = 9F44D1FD1C84B21A00640046 /* Card.swift */; };
		9F44D2141C84B21A00640046 /* Deck.swift in Sources */ = {isa = PBXBuildFile; fileRef = 9F44D1FE1C84B21A00640046 /* Deck.swift */; };
		9F44D2151C84B21A00640046 /* Hand.swift in Sources */ = {isa = PBXBuildFile; fileRef = 9F44D1FF1C84B21A00640046 /* Hand.swift */; };
		9F44D2161C84B21A00640046 /* HandCell.swift in Sources */ = {isa = PBXBuildFile; fileRef = 9F44D2001C84B21A00640046 /* HandCell.swift */; };
		9F44D2171C84B21A00640046 /* HandCellItem.swift in Sources */ = {isa = PBXBuildFile; fileRef = 9F44D2011C84B21A00640046 /* HandCellItem.swift */; };
		9F44D2181C84B21A00640046 /* HandOdds.swift in Sources */ = {isa = PBXBuildFile; fileRef = 9F44D2021C84B21A00640046 /* HandOdds.swift */; };
		9F44D2191C84B21A00640046 /* HandRank.swift in Sources */ = {isa = PBXBuildFile; fileRef = 9F44D2031C84B21A00640046 /* HandRank.swift */; };
		9F44D21A1C84B21A00640046 /* HandRankCalculator.swift in Sources */ = {isa = PBXBuildFile; fileRef = 9F44D2041C84B21A00640046 /* HandRankCalculator.swift */; };
		9F44D21B1C84B21A00640046 /* HandRankComparator.swift in Sources */ = {isa = PBXBuildFile; fileRef = 9F44D2051C84B21A00640046 /* HandRankComparator.swift */; };
		9F44D21C1C84B21A00640046 /* GameScreen.swift in Sources */ = {isa = PBXBuildFile; fileRef = 9F44D2061C84B21A00640046 /* GameScreen.swift */; };
		9F44D21D1C84B21A00640046 /* GameView.swift in Sources */ = {isa = PBXBuildFile; fileRef = 9F44D2071C84B21A00640046 /* GameView.swift */; };
		9F44D21E1C84B21A00640046 /* HandOddsCalculator.swift in Sources */ = {isa = PBXBuildFile; fileRef = 9F44D2081C84B21A00640046 /* HandOddsCalculator.swift */; };
		9F44D2201C84B21A00640046 /* QuickArray.swift in Sources */ = {isa = PBXBuildFile; fileRef = 9F44D20A1C84B21A00640046 /* QuickArray.swift */; };
		9F44D2211C84B21A00640046 /* Rank.swift in Sources */ = {isa = PBXBuildFile; fileRef = 9F44D20B1C84B21A00640046 /* Rank.swift */; };
		9F44D2221C84B21A00640046 /* Suit.swift in Sources */ = {isa = PBXBuildFile; fileRef = 9F44D20C1C84B21A00640046 /* Suit.swift */; };
		9F44D2231C84B21A00640046 /* UIColor+AppPalette.swift in Sources */ = {isa = PBXBuildFile; fileRef = 9F44D20D1C84B21A00640046 /* UIColor+AppPalette.swift */; };
		9F44D2321C84BAA900640046 /* MainScreen.swift in Sources */ = {isa = PBXBuildFile; fileRef = 9F44D2311C84BAA900640046 /* MainScreen.swift */; };
		9F44D2341C84BAC700640046 /* MainView.swift in Sources */ = {isa = PBXBuildFile; fileRef = 9F44D2331C84BAC700640046 /* MainView.swift */; };
		9F44D23D1C84C61900640046 /* BaseViewController.swift in Sources */ = {isa = PBXBuildFile; fileRef = 9F44D23C1C84C61900640046 /* BaseViewController.swift */; };
		9F44D2431C84C63900640046 /* Analytics.swift in Sources */ = {isa = PBXBuildFile; fileRef = 9F44D23E1C84C63900640046 /* Analytics.swift */; };
		9F44D2441C84C63900640046 /* ModelProvider.swift in Sources */ = {isa = PBXBuildFile; fileRef = 9F44D23F1C84C63900640046 /* ModelProvider.swift */; };
		9F44D2451C84C63900640046 /* NSObject+Utils.swift in Sources */ = {isa = PBXBuildFile; fileRef = 9F44D2401C84C63900640046 /* NSObject+Utils.swift */; };
		9F44D2461C84C63900640046 /* ObserverSet.swift in Sources */ = {isa = PBXBuildFile; fileRef = 9F44D2411C84C63900640046 /* ObserverSet.swift */; };
		9F44D2471C84C63900640046 /* UIScreen+Size.swift in Sources */ = {isa = PBXBuildFile; fileRef = 9F44D2421C84C63900640046 /* UIScreen+Size.swift */; };
		9F73D1C81C9BA2D900EA72A7 /* GameKit.framework in Frameworks */ = {isa = PBXBuildFile; fileRef = 9F73D1C71C9BA2D900EA72A7 /* GameKit.framework */; };
		9F73D1D51CA04FF900EA72A7 /* GameLevels.json in Resources */ = {isa = PBXBuildFile; fileRef = 9F73D1D41CA04FF900EA72A7 /* GameLevels.json */; };
		9F93B4821C9750760092CBCB /* String+Path.swift in Sources */ = {isa = PBXBuildFile; fileRef = 9F93B4811C9750760092CBCB /* String+Path.swift */; };
		9F93B4841C9760700092CBCB /* DefaultPlayerData.json in Resources */ = {isa = PBXBuildFile; fileRef = 9F93B4831C9760700092CBCB /* DefaultPlayerData.json */; };
		9F95E15A1C875D0100D6F368 /* Level.swift in Sources */ = {isa = PBXBuildFile; fileRef = 9F95E1591C875D0100D6F368 /* Level.swift */; };
		9F95E15E1C8761C700D6F368 /* LevelProgress.swift in Sources */ = {isa = PBXBuildFile; fileRef = 9F95E15D1C8761C700D6F368 /* LevelProgress.swift */; };
		9F95E1601C879A9D00D6F368 /* PlayerData.swift in Sources */ = {isa = PBXBuildFile; fileRef = 9F95E15F1C879A9D00D6F368 /* PlayerData.swift */; };
		9F95E1621C879B3100D6F368 /* PlayerManager.swift in Sources */ = {isa = PBXBuildFile; fileRef = 9F95E1611C879B3100D6F368 /* PlayerManager.swift */; };
		9FA2090D1CA614F100E084E8 /* iTunesArtwork@2x.png in Resources */ = {isa = PBXBuildFile; fileRef = 9FA2090C1CA614F100E084E8 /* iTunesArtwork@2x.png */; };
		9FC567EF1CA487D100FF1DE7 /* AdSupport.framework in Frameworks */ = {isa = PBXBuildFile; fileRef = 9FC567EE1CA487D100FF1DE7 /* AdSupport.framework */; };
		9FE888E31C93F53400A39C2C /* StatsCell.swift in Sources */ = {isa = PBXBuildFile; fileRef = 9FE888E21C93F53400A39C2C /* StatsCell.swift */; };
		9FE888E51C93F54F00A39C2C /* StatsCellItem.swift in Sources */ = {isa = PBXBuildFile; fileRef = 9FE888E41C93F54F00A39C2C /* StatsCellItem.swift */; };
		9FE888E71C93F62700A39C2C /* PlayerProgress.swift in Sources */ = {isa = PBXBuildFile; fileRef = 9FE888E61C93F62700A39C2C /* PlayerProgress.swift */; };
		9FE888E91C93F76B00A39C2C /* Progress.swift in Sources */ = {isa = PBXBuildFile; fileRef = 9FE888E81C93F76B00A39C2C /* Progress.swift */; };
		9FE888EB1C94F6A000A39C2C /* Int64+Chips.swift in Sources */ = {isa = PBXBuildFile; fileRef = 9FE888EA1C94F6A000A39C2C /* Int64+Chips.swift */; };
/* End PBXBuildFile section */

/* Begin PBXContainerItemProxy section */
		9FACAADE1C72BCC20051A435 /* PBXContainerItemProxy */ = {
			isa = PBXContainerItemProxy;
			containerPortal = 9FACAAC11C72BCC20051A435 /* Project object */;
			proxyType = 1;
			remoteGlobalIDString = 9FACAAC81C72BCC20051A435;
			remoteInfo = PokerHand;
		};
/* End PBXContainerItemProxy section */

/* Begin PBXFileReference section */
		25C523273D3C4AF45346EF9E /* Pods.release.xcconfig */ = {isa = PBXFileReference; includeInIndex = 1; lastKnownFileType = text.xcconfig; name = Pods.release.xcconfig; path = "Pods/Target Support Files/Pods/Pods.release.xcconfig"; sourceTree = "<group>"; };
		38F1C5899B0FDC694E47BE96 /* Pods.debug.xcconfig */ = {isa = PBXFileReference; includeInIndex = 1; lastKnownFileType = text.xcconfig; name = Pods.debug.xcconfig; path = "Pods/Target Support Files/Pods/Pods.debug.xcconfig"; sourceTree = "<group>"; };
		9F183F711CA9D993002F4C5F /* HandsCollectionViewController.swift */ = {isa = PBXFileReference; fileEncoding = 4; lastKnownFileType = sourcecode.swift; path = HandsCollectionViewController.swift; sourceTree = "<group>"; };
		9F1927081CA3260B009F7E30 /* HandsCollectionViewLayout.swift */ = {isa = PBXFileReference; fileEncoding = 4; lastKnownFileType = sourcecode.swift; path = HandsCollectionViewLayout.swift; sourceTree = "<group>"; };
		9F1BD3551C93701C00020AAA /* SharingItem.swift */ = {isa = PBXFileReference; fileEncoding = 4; lastKnownFileType = sourcecode.swift; path = SharingItem.swift; sourceTree = "<group>"; };
		9F1DDD081C89022A005F1D72 /* NavigationManager.swift */ = {isa = PBXFileReference; fileEncoding = 4; lastKnownFileType = sourcecode.swift; path = NavigationManager.swift; sourceTree = "<group>"; };
		9F1DDD221C8A130E005F1D72 /* SharingManager.swift */ = {isa = PBXFileReference; fileEncoding = 4; lastKnownFileType = sourcecode.swift; path = SharingManager.swift; sourceTree = "<group>"; };
		9F1DDD241C8A13B3005F1D72 /* LevelCell.swift */ = {isa = PBXFileReference; fileEncoding = 4; lastKnownFileType = sourcecode.swift; path = LevelCell.swift; sourceTree = "<group>"; };
		9F1DDD261C8A13C7005F1D72 /* LevelCellItem.swift */ = {isa = PBXFileReference; fileEncoding = 4; lastKnownFileType = sourcecode.swift; path = LevelCellItem.swift; sourceTree = "<group>"; };
		9F1DDD281C8D0B27005F1D72 /* HoldemHandsTests.swift */ = {isa = PBXFileReference; fileEncoding = 4; lastKnownFileType = sourcecode.swift; path = HoldemHandsTests.swift; sourceTree = "<group>"; };
		9F3C4B711C91E3C800B37939 /* StatsScreen.swift */ = {isa = PBXFileReference; fileEncoding = 4; lastKnownFileType = sourcecode.swift; path = StatsScreen.swift; sourceTree = "<group>"; };
		9F3C4B731C91E40800B37939 /* StatsView.swift */ = {isa = PBXFileReference; fileEncoding = 4; lastKnownFileType = sourcecode.swift; path = StatsView.swift; sourceTree = "<group>"; };
		9F3C4BDE1C9251E700B37939 /* BannerView.swift */ = {isa = PBXFileReference; fileEncoding = 4; lastKnownFileType = sourcecode.swift; path = BannerView.swift; sourceTree = "<group>"; };
		9F3C4BE11C92586800B37939 /* TextBannerView.swift */ = {isa = PBXFileReference; fileEncoding = 4; lastKnownFileType = sourcecode.swift; path = TextBannerView.swift; sourceTree = "<group>"; };
		9F3C4BE31C9258F200B37939 /* TextBannerView.xib */ = {isa = PBXFileReference; fileEncoding = 4; lastKnownFileType = file.xib; path = TextBannerView.xib; sourceTree = "<group>"; };
		9F3C4BE51C925A7A00B37939 /* UIView+Nib.swift */ = {isa = PBXFileReference; fileEncoding = 4; lastKnownFileType = sourcecode.swift; path = "UIView+Nib.swift"; sourceTree = "<group>"; };
		9F3C4BE71C925BDA00B37939 /* PlayerManagerObserver.swift */ = {isa = PBXFileReference; fileEncoding = 4; lastKnownFileType = sourcecode.swift; path = PlayerManagerObserver.swift; sourceTree = "<group>"; };
		9F44D1F51C84B21A00640046 /* Assets.xcassets */ = {isa = PBXFileReference; lastKnownFileType = folder.assetcatalog; path = Assets.xcassets; sourceTree = "<group>"; };
		9F44D1F71C84B21A00640046 /* Base */ = {isa = PBXFileReference; lastKnownFileType = file.storyboard; name = Base; path = Base.lproj/LaunchScreen.storyboard; sourceTree = "<group>"; };
		9F44D1F91C84B21A00640046 /* Base */ = {isa = PBXFileReference; lastKnownFileType = file.storyboard; name = Base; path = Base.lproj/Main.storyboard; sourceTree = "<group>"; };
		9F44D1FA1C84B21A00640046 /* Info.plist */ = {isa = PBXFileReference; fileEncoding = 4; lastKnownFileType = text.plist.xml; path = Info.plist; sourceTree = "<group>"; };
		9F44D1FC1C84B21A00640046 /* AppDelegate.swift */ = {isa = PBXFileReference; fileEncoding = 4; lastKnownFileType = sourcecode.swift; path = AppDelegate.swift; sourceTree = "<group>"; };
		9F44D1FD1C84B21A00640046 /* Card.swift */ = {isa = PBXFileReference; fileEncoding = 4; lastKnownFileType = sourcecode.swift; path = Card.swift; sourceTree = "<group>"; };
		9F44D1FE1C84B21A00640046 /* Deck.swift */ = {isa = PBXFileReference; fileEncoding = 4; lastKnownFileType = sourcecode.swift; path = Deck.swift; sourceTree = "<group>"; };
		9F44D1FF1C84B21A00640046 /* Hand.swift */ = {isa = PBXFileReference; fileEncoding = 4; lastKnownFileType = sourcecode.swift; path = Hand.swift; sourceTree = "<group>"; };
		9F44D2001C84B21A00640046 /* HandCell.swift */ = {isa = PBXFileReference; fileEncoding = 4; lastKnownFileType = sourcecode.swift; path = HandCell.swift; sourceTree = "<group>"; };
		9F44D2011C84B21A00640046 /* HandCellItem.swift */ = {isa = PBXFileReference; fileEncoding = 4; lastKnownFileType = sourcecode.swift; path = HandCellItem.swift; sourceTree = "<group>"; };
		9F44D2021C84B21A00640046 /* HandOdds.swift */ = {isa = PBXFileReference; fileEncoding = 4; lastKnownFileType = sourcecode.swift; path = HandOdds.swift; sourceTree = "<group>"; };
		9F44D2031C84B21A00640046 /* HandRank.swift */ = {isa = PBXFileReference; fileEncoding = 4; lastKnownFileType = sourcecode.swift; path = HandRank.swift; sourceTree = "<group>"; };
		9F44D2041C84B21A00640046 /* HandRankCalculator.swift */ = {isa = PBXFileReference; fileEncoding = 4; lastKnownFileType = sourcecode.swift; path = HandRankCalculator.swift; sourceTree = "<group>"; };
		9F44D2051C84B21A00640046 /* HandRankComparator.swift */ = {isa = PBXFileReference; fileEncoding = 4; lastKnownFileType = sourcecode.swift; path = HandRankComparator.swift; sourceTree = "<group>"; };
		9F44D2061C84B21A00640046 /* GameScreen.swift */ = {isa = PBXFileReference; fileEncoding = 4; lastKnownFileType = sourcecode.swift; path = GameScreen.swift; sourceTree = "<group>"; };
		9F44D2071C84B21A00640046 /* GameView.swift */ = {isa = PBXFileReference; fileEncoding = 4; lastKnownFileType = sourcecode.swift; path = GameView.swift; sourceTree = "<group>"; };
		9F44D2081C84B21A00640046 /* HandOddsCalculator.swift */ = {isa = PBXFileReference; fileEncoding = 4; lastKnownFileType = sourcecode.swift; path = HandOddsCalculator.swift; sourceTree = "<group>"; };
		9F44D20A1C84B21A00640046 /* QuickArray.swift */ = {isa = PBXFileReference; fileEncoding = 4; lastKnownFileType = sourcecode.swift; path = QuickArray.swift; sourceTree = "<group>"; };
		9F44D20B1C84B21A00640046 /* Rank.swift */ = {isa = PBXFileReference; fileEncoding = 4; lastKnownFileType = sourcecode.swift; path = Rank.swift; sourceTree = "<group>"; };
		9F44D20C1C84B21A00640046 /* Suit.swift */ = {isa = PBXFileReference; fileEncoding = 4; lastKnownFileType = sourcecode.swift; path = Suit.swift; sourceTree = "<group>"; };
		9F44D20D1C84B21A00640046 /* UIColor+AppPalette.swift */ = {isa = PBXFileReference; fileEncoding = 4; lastKnownFileType = sourcecode.swift; path = "UIColor+AppPalette.swift"; sourceTree = "<group>"; };
		9F44D2251C84B22400640046 /* Info.plist */ = {isa = PBXFileReference; fileEncoding = 4; lastKnownFileType = text.plist.xml; path = Info.plist; sourceTree = "<group>"; };
		9F44D2311C84BAA900640046 /* MainScreen.swift */ = {isa = PBXFileReference; fileEncoding = 4; lastKnownFileType = sourcecode.swift; path = MainScreen.swift; sourceTree = "<group>"; };
		9F44D2331C84BAC700640046 /* MainView.swift */ = {isa = PBXFileReference; fileEncoding = 4; lastKnownFileType = sourcecode.swift; path = MainView.swift; sourceTree = "<group>"; };
		9F44D23C1C84C61900640046 /* BaseViewController.swift */ = {isa = PBXFileReference; fileEncoding = 4; lastKnownFileType = sourcecode.swift; path = BaseViewController.swift; sourceTree = "<group>"; };
		9F44D23E1C84C63900640046 /* Analytics.swift */ = {isa = PBXFileReference; fileEncoding = 4; lastKnownFileType = sourcecode.swift; path = Analytics.swift; sourceTree = "<group>"; };
		9F44D23F1C84C63900640046 /* ModelProvider.swift */ = {isa = PBXFileReference; fileEncoding = 4; lastKnownFileType = sourcecode.swift; path = ModelProvider.swift; sourceTree = "<group>"; };
		9F44D2401C84C63900640046 /* NSObject+Utils.swift */ = {isa = PBXFileReference; fileEncoding = 4; lastKnownFileType = sourcecode.swift; path = "NSObject+Utils.swift"; sourceTree = "<group>"; };
		9F44D2411C84C63900640046 /* ObserverSet.swift */ = {isa = PBXFileReference; fileEncoding = 4; lastKnownFileType = sourcecode.swift; path = ObserverSet.swift; sourceTree = "<group>"; };
		9F44D2421C84C63900640046 /* UIScreen+Size.swift */ = {isa = PBXFileReference; fileEncoding = 4; lastKnownFileType = sourcecode.swift; path = "UIScreen+Size.swift"; sourceTree = "<group>"; };
		9F73D1C71C9BA2D900EA72A7 /* GameKit.framework */ = {isa = PBXFileReference; lastKnownFileType = wrapper.framework; name = GameKit.framework; path = System/Library/Frameworks/GameKit.framework; sourceTree = SDKROOT; };
		9F73D1C91C9BA9D200EA72A7 /* HoldemHands.entitlements */ = {isa = PBXFileReference; lastKnownFileType = text.xml; path = HoldemHands.entitlements; sourceTree = "<group>"; };
		9F73D1D41CA04FF900EA72A7 /* GameLevels.json */ = {isa = PBXFileReference; fileEncoding = 4; lastKnownFileType = text.json; path = GameLevels.json; sourceTree = "<group>"; };
		9F93B4811C9750760092CBCB /* String+Path.swift */ = {isa = PBXFileReference; fileEncoding = 4; lastKnownFileType = sourcecode.swift; path = "String+Path.swift"; sourceTree = "<group>"; };
		9F93B4831C9760700092CBCB /* DefaultPlayerData.json */ = {isa = PBXFileReference; fileEncoding = 4; lastKnownFileType = text.json; path = DefaultPlayerData.json; sourceTree = "<group>"; };
		9F95E1591C875D0100D6F368 /* Level.swift */ = {isa = PBXFileReference; fileEncoding = 4; lastKnownFileType = sourcecode.swift; path = Level.swift; sourceTree = "<group>"; };
		9F95E15D1C8761C700D6F368 /* LevelProgress.swift */ = {isa = PBXFileReference; fileEncoding = 4; lastKnownFileType = sourcecode.swift; path = LevelProgress.swift; sourceTree = "<group>"; };
		9F95E15F1C879A9D00D6F368 /* PlayerData.swift */ = {isa = PBXFileReference; fileEncoding = 4; lastKnownFileType = sourcecode.swift; path = PlayerData.swift; sourceTree = "<group>"; };
		9F95E1611C879B3100D6F368 /* PlayerManager.swift */ = {isa = PBXFileReference; fileEncoding = 4; lastKnownFileType = sourcecode.swift; path = PlayerManager.swift; sourceTree = "<group>"; };
		9FA2090C1CA614F100E084E8 /* iTunesArtwork@2x.png */ = {isa = PBXFileReference; lastKnownFileType = image.png; path = "iTunesArtwork@2x.png"; sourceTree = "<group>"; };
		9FACAAC91C72BCC20051A435 /* HoldemHands.app */ = {isa = PBXFileReference; explicitFileType = wrapper.application; includeInIndex = 0; path = HoldemHands.app; sourceTree = BUILT_PRODUCTS_DIR; };
		9FACAADD1C72BCC20051A435 /* HoldemHandsTests.xctest */ = {isa = PBXFileReference; explicitFileType = wrapper.cfbundle; includeInIndex = 0; path = HoldemHandsTests.xctest; sourceTree = BUILT_PRODUCTS_DIR; };
		9FC567EE1CA487D100FF1DE7 /* AdSupport.framework */ = {isa = PBXFileReference; lastKnownFileType = wrapper.framework; name = AdSupport.framework; path = System/Library/Frameworks/AdSupport.framework; sourceTree = SDKROOT; };
		9FE888E21C93F53400A39C2C /* StatsCell.swift */ = {isa = PBXFileReference; fileEncoding = 4; lastKnownFileType = sourcecode.swift; path = StatsCell.swift; sourceTree = "<group>"; };
		9FE888E41C93F54F00A39C2C /* StatsCellItem.swift */ = {isa = PBXFileReference; fileEncoding = 4; lastKnownFileType = sourcecode.swift; path = StatsCellItem.swift; sourceTree = "<group>"; };
		9FE888E61C93F62700A39C2C /* PlayerProgress.swift */ = {isa = PBXFileReference; fileEncoding = 4; lastKnownFileType = sourcecode.swift; path = PlayerProgress.swift; sourceTree = "<group>"; };
		9FE888E81C93F76B00A39C2C /* Progress.swift */ = {isa = PBXFileReference; fileEncoding = 4; lastKnownFileType = sourcecode.swift; path = Progress.swift; sourceTree = "<group>"; };
		9FE888EA1C94F6A000A39C2C /* Int64+Chips.swift */ = {isa = PBXFileReference; fileEncoding = 4; lastKnownFileType = sourcecode.swift; path = "Int64+Chips.swift"; sourceTree = "<group>"; };
		B77C71BFF06C1B554EEEC53C /* Pods.framework */ = {isa = PBXFileReference; explicitFileType = wrapper.framework; includeInIndex = 0; path = Pods.framework; sourceTree = BUILT_PRODUCTS_DIR; };
/* End PBXFileReference section */

/* Begin PBXFrameworksBuildPhase section */
		9FACAAC61C72BCC20051A435 /* Frameworks */ = {
			isa = PBXFrameworksBuildPhase;
			buildActionMask = 2147483647;
			files = (
				9FC567EF1CA487D100FF1DE7 /* AdSupport.framework in Frameworks */,
				08CF424122F5D177FE38852F /* Pods.framework in Frameworks */,
				9F73D1C81C9BA2D900EA72A7 /* GameKit.framework in Frameworks */,
			);
			runOnlyForDeploymentPostprocessing = 0;
		};
		9FACAADA1C72BCC20051A435 /* Frameworks */ = {
			isa = PBXFrameworksBuildPhase;
			buildActionMask = 2147483647;
			files = (
				7A81F60957113DF73385C2B0 /* Pods.framework in Frameworks */,
			);
			runOnlyForDeploymentPostprocessing = 0;
		};
/* End PBXFrameworksBuildPhase section */

/* Begin PBXGroup section */
		4DB133D6D932696BC839D2BB /* Pods */ = {
			isa = PBXGroup;
			children = (
				38F1C5899B0FDC694E47BE96 /* Pods.debug.xcconfig */,
				25C523273D3C4AF45346EF9E /* Pods.release.xcconfig */,
			);
			name = Pods;
			sourceTree = "<group>";
		};
		9F1BD3521C936FDC00020AAA /* NavigationManager */ = {
			isa = PBXGroup;
			children = (
				9F1DDD081C89022A005F1D72 /* NavigationManager.swift */,
			);
			name = NavigationManager;
			sourceTree = "<group>";
		};
		9F1BD3531C936FED00020AAA /* PlayerManager */ = {
			isa = PBXGroup;
			children = (
				9F95E1611C879B3100D6F368 /* PlayerManager.swift */,
				9F3C4BE71C925BDA00B37939 /* PlayerManagerObserver.swift */,
				9F95E15F1C879A9D00D6F368 /* PlayerData.swift */,
				9F95E15D1C8761C700D6F368 /* LevelProgress.swift */,
				9FE888E61C93F62700A39C2C /* PlayerProgress.swift */,
				9FE888E81C93F76B00A39C2C /* Progress.swift */,
				9F95E1591C875D0100D6F368 /* Level.swift */,
			);
			name = PlayerManager;
			sourceTree = "<group>";
		};
		9F1BD3541C93700E00020AAA /* SharingManager */ = {
			isa = PBXGroup;
			children = (
				9F1DDD221C8A130E005F1D72 /* SharingManager.swift */,
				9F1BD3551C93701C00020AAA /* SharingItem.swift */,
			);
			name = SharingManager;
			sourceTree = "<group>";
		};
		9F3C4B701C91E39900B37939 /* StatsScreen */ = {
			isa = PBXGroup;
			children = (
				9F3C4B711C91E3C800B37939 /* StatsScreen.swift */,
				9F3C4B731C91E40800B37939 /* StatsView.swift */,
				9FE888E21C93F53400A39C2C /* StatsCell.swift */,
				9FE888E41C93F54F00A39C2C /* StatsCellItem.swift */,
			);
			name = StatsScreen;
			sourceTree = "<group>";
		};
		9F3C4BDD1C9251B500B37939 /* BannerView */ = {
			isa = PBXGroup;
			children = (
				9F3C4BDE1C9251E700B37939 /* BannerView.swift */,
			);
			name = BannerView;
			sourceTree = "<group>";
		};
		9F3C4BE01C92555500B37939 /* TextBannerView */ = {
			isa = PBXGroup;
			children = (
				9F3C4BE11C92586800B37939 /* TextBannerView.swift */,
				9F3C4BE31C9258F200B37939 /* TextBannerView.xib */,
			);
			name = TextBannerView;
			sourceTree = "<group>";
		};
		9F44D1F41C84B21A00640046 /* Resources */ = {
			isa = PBXGroup;
			children = (
				9FA2090C1CA614F100E084E8 /* iTunesArtwork@2x.png */,
				9F73D1C91C9BA9D200EA72A7 /* HoldemHands.entitlements */,
				9F44D1F51C84B21A00640046 /* Assets.xcassets */,
				9F44D1F61C84B21A00640046 /* LaunchScreen.storyboard */,
				9F44D1F81C84B21A00640046 /* Main.storyboard */,
				9F44D1FA1C84B21A00640046 /* Info.plist */,
				9F93B4831C9760700092CBCB /* DefaultPlayerData.json */,
				9F73D1D41CA04FF900EA72A7 /* GameLevels.json */,
			);
			path = Resources;
			sourceTree = "<group>";
		};
		9F44D1FB1C84B21A00640046 /* Sources */ = {
			isa = PBXGroup;
			children = (
				9F44D2291C84B29500640046 /* Core */,
				9F44D22C1C84B3BC00640046 /* Main */,
				9F44D2481C84C66300640046 /* Model */,
				9F44D22A1C84B3A400640046 /* UI */,
				9F44D22B1C84B3AA00640046 /* Utils */,
			);
			path = Sources;
			sourceTree = "<group>";
		};
		9F44D2241C84B22400640046 /* Tests */ = {
			isa = PBXGroup;
			children = (
				9F1DDD281C8D0B27005F1D72 /* HoldemHandsTests.swift */,
				9F44D2251C84B22400640046 /* Info.plist */,
			);
			path = Tests;
			sourceTree = "<group>";
		};
		9F44D2291C84B29500640046 /* Core */ = {
			isa = PBXGroup;
			children = (
				9F44D20A1C84B21A00640046 /* QuickArray.swift */,
				9F44D20B1C84B21A00640046 /* Rank.swift */,
				9F44D20C1C84B21A00640046 /* Suit.swift */,
				9F44D1FD1C84B21A00640046 /* Card.swift */,
				9F44D1FF1C84B21A00640046 /* Hand.swift */,
				9F44D1FE1C84B21A00640046 /* Deck.swift */,
				9F44D2031C84B21A00640046 /* HandRank.swift */,
				9F44D2041C84B21A00640046 /* HandRankCalculator.swift */,
				9F44D2051C84B21A00640046 /* HandRankComparator.swift */,
				9F44D2021C84B21A00640046 /* HandOdds.swift */,
				9F44D2081C84B21A00640046 /* HandOddsCalculator.swift */,
			);
			name = Core;
			sourceTree = "<group>";
		};
		9F44D22A1C84B3A400640046 /* UI */ = {
			isa = PBXGroup;
			children = (
				9F3C4BE01C92555500B37939 /* TextBannerView */,
				9F3C4BDD1C9251B500B37939 /* BannerView */,
				9F44D23B1C84C60100640046 /* BaseViewController */,
				9F44D22F1C84B94800640046 /* MainScreen */,
				9F3C4B701C91E39900B37939 /* StatsScreen */,
				9F44D22D1C84B4B300640046 /* GameScreen */,
			);
			name = UI;
			sourceTree = "<group>";
		};
		9F44D22B1C84B3AA00640046 /* Utils */ = {
			isa = PBXGroup;
			children = (
				9F44D2401C84C63900640046 /* NSObject+Utils.swift */,
				9F44D2411C84C63900640046 /* ObserverSet.swift */,
				9F44D2421C84C63900640046 /* UIScreen+Size.swift */,
				9F44D20D1C84B21A00640046 /* UIColor+AppPalette.swift */,
				9F3C4BE51C925A7A00B37939 /* UIView+Nib.swift */,
				9FE888EA1C94F6A000A39C2C /* Int64+Chips.swift */,
				9F93B4811C9750760092CBCB /* String+Path.swift */,
			);
			name = Utils;
			sourceTree = "<group>";
		};
		9F44D22C1C84B3BC00640046 /* Main */ = {
			isa = PBXGroup;
			children = (
				9F44D1FC1C84B21A00640046 /* AppDelegate.swift */,
			);
			name = Main;
			sourceTree = "<group>";
		};
		9F44D22D1C84B4B300640046 /* GameScreen */ = {
			isa = PBXGroup;
			children = (
				9F44D2061C84B21A00640046 /* GameScreen.swift */,
				9F44D2071C84B21A00640046 /* GameView.swift */,
				9F44D2001C84B21A00640046 /* HandCell.swift */,
				9F44D2011C84B21A00640046 /* HandCellItem.swift */,
				9F1927081CA3260B009F7E30 /* HandsCollectionViewLayout.swift */,
				9F183F711CA9D993002F4C5F /* HandsCollectionViewController.swift */,
			);
			name = GameScreen;
			sourceTree = "<group>";
		};
		9F44D22F1C84B94800640046 /* MainScreen */ = {
			isa = PBXGroup;
			children = (
				9F44D2311C84BAA900640046 /* MainScreen.swift */,
				9F44D2331C84BAC700640046 /* MainView.swift */,
				9F1DDD241C8A13B3005F1D72 /* LevelCell.swift */,
				9F1DDD261C8A13C7005F1D72 /* LevelCellItem.swift */,
			);
			name = MainScreen;
			sourceTree = "<group>";
		};
		9F44D23B1C84C60100640046 /* BaseViewController */ = {
			isa = PBXGroup;
			children = (
				9F44D23C1C84C61900640046 /* BaseViewController.swift */,
			);
			name = BaseViewController;
			sourceTree = "<group>";
		};
		9F44D2481C84C66300640046 /* Model */ = {
			isa = PBXGroup;
			children = (
				9F44D23F1C84C63900640046 /* ModelProvider.swift */,
				9F1BD3531C936FED00020AAA /* PlayerManager */,
				9F1BD3521C936FDC00020AAA /* NavigationManager */,
				9F1BD3541C93700E00020AAA /* SharingManager */,
				9FC77B6E1C98C68C0070430D /* AnalyticsTracker */,
			);
			name = Model;
			sourceTree = "<group>";
		};
		9FACAAC01C72BCC20051A435 = {
			isa = PBXGroup;
			children = (
				9F44D1FB1C84B21A00640046 /* Sources */,
				9F44D1F41C84B21A00640046 /* Resources */,
				9F44D2241C84B22400640046 /* Tests */,
				9FACAACA1C72BCC20051A435 /* Products */,
				4DB133D6D932696BC839D2BB /* Pods */,
				E4E4B045AA5B890F9E9E0F7D /* Frameworks */,
			);
			sourceTree = "<group>";
		};
		9FACAACA1C72BCC20051A435 /* Products */ = {
			isa = PBXGroup;
			children = (
				9FACAAC91C72BCC20051A435 /* HoldemHands.app */,
				9FACAADD1C72BCC20051A435 /* HoldemHandsTests.xctest */,
			);
			name = Products;
			sourceTree = "<group>";
		};
		9FC77B6E1C98C68C0070430D /* AnalyticsTracker */ = {
			isa = PBXGroup;
			children = (
				9F44D23E1C84C63900640046 /* Analytics.swift */,
			);
			name = AnalyticsTracker;
			sourceTree = "<group>";
		};
		E4E4B045AA5B890F9E9E0F7D /* Frameworks */ = {
			isa = PBXGroup;
			children = (
				9FC567EE1CA487D100FF1DE7 /* AdSupport.framework */,
				9F73D1C71C9BA2D900EA72A7 /* GameKit.framework */,
				B77C71BFF06C1B554EEEC53C /* Pods.framework */,
			);
			name = Frameworks;
			sourceTree = "<group>";
		};
/* End PBXGroup section */

/* Begin PBXNativeTarget section */
		9FACAAC81C72BCC20051A435 /* HoldemHands */ = {
			isa = PBXNativeTarget;
			buildConfigurationList = 9FACAAE61C72BCC20051A435 /* Build configuration list for PBXNativeTarget "HoldemHands" */;
			buildPhases = (
				2DBABDD6BFB6D9B43F4F53D6 /* Check Pods Manifest.lock */,
				9FACAAC51C72BCC20051A435 /* Sources */,
				9FACAAC61C72BCC20051A435 /* Frameworks */,
				9FACAAC71C72BCC20051A435 /* Resources */,
				FBC9944723AC72372E27FA4E /* Embed Pods Frameworks */,
				897A0C323FA46B8AB41EACB1 /* Copy Pods Resources */,
				9F44D22E1C84B55B00640046 /* Run Swift Lint */,
				9F44D2351C84C14100640046 /* Run Crashlytics */,
			);
			buildRules = (
			);
			dependencies = (
			);
			name = HoldemHands;
			productName = PokerHand;
			productReference = 9FACAAC91C72BCC20051A435 /* HoldemHands.app */;
			productType = "com.apple.product-type.application";
		};
		9FACAADC1C72BCC20051A435 /* HoldemHandsTests */ = {
			isa = PBXNativeTarget;
			buildConfigurationList = 9FACAAE91C72BCC20051A435 /* Build configuration list for PBXNativeTarget "HoldemHandsTests" */;
			buildPhases = (
				E0949EFFE92A2E49DAF13B90 /* Check Pods Manifest.lock */,
				9FACAAD91C72BCC20051A435 /* Sources */,
				9FACAADA1C72BCC20051A435 /* Frameworks */,
				9FACAADB1C72BCC20051A435 /* Resources */,
				B8BB0EEF8865D3D73820D2B4 /* Embed Pods Frameworks */,
				5D149B107F3D1DDBB79747ED /* Copy Pods Resources */,
			);
			buildRules = (
			);
			dependencies = (
				9FACAADF1C72BCC20051A435 /* PBXTargetDependency */,
			);
			name = HoldemHandsTests;
			productName = PokerHandTests;
			productReference = 9FACAADD1C72BCC20051A435 /* HoldemHandsTests.xctest */;
			productType = "com.apple.product-type.bundle.unit-test";
		};
/* End PBXNativeTarget section */

/* Begin PBXProject section */
		9FACAAC11C72BCC20051A435 /* Project object */ = {
			isa = PBXProject;
			attributes = {
				LastSwiftUpdateCheck = 0720;
				LastUpgradeCheck = 0720;
				ORGANIZATIONNAME = Visput;
				TargetAttributes = {
					9FACAAC81C72BCC20051A435 = {
						CreatedOnToolsVersion = 7.2.1;
						DevelopmentTeam = WP3CPF8Q52;
						SystemCapabilities = {
							com.apple.GameCenter = {
								enabled = 1;
							};
							com.apple.iCloud = {
								enabled = 1;
							};
						};
					};
					9FACAADC1C72BCC20051A435 = {
						CreatedOnToolsVersion = 7.2.1;
						DevelopmentTeam = YVSH49GYZ4;
						TestTargetID = 9FACAAC81C72BCC20051A435;
					};
				};
			};
			buildConfigurationList = 9FACAAC41C72BCC20051A435 /* Build configuration list for PBXProject "HoldemHands" */;
			compatibilityVersion = "Xcode 3.2";
			developmentRegion = English;
			hasScannedForEncodings = 0;
			knownRegions = (
				en,
				Base,
			);
			mainGroup = 9FACAAC01C72BCC20051A435;
			productRefGroup = 9FACAACA1C72BCC20051A435 /* Products */;
			projectDirPath = "";
			projectRoot = "";
			targets = (
				9FACAAC81C72BCC20051A435 /* HoldemHands */,
				9FACAADC1C72BCC20051A435 /* HoldemHandsTests */,
			);
		};
/* End PBXProject section */

/* Begin PBXResourcesBuildPhase section */
		9FACAAC71C72BCC20051A435 /* Resources */ = {
			isa = PBXResourcesBuildPhase;
			buildActionMask = 2147483647;
			files = (
				9F93B4841C9760700092CBCB /* DefaultPlayerData.json in Resources */,
				9F44D2101C84B21A00640046 /* Main.storyboard in Resources */,
				9FA2090D1CA614F100E084E8 /* iTunesArtwork@2x.png in Resources */,
				9F3C4BE41C9258F200B37939 /* TextBannerView.xib in Resources */,
				9F44D20E1C84B21A00640046 /* Assets.xcassets in Resources */,
				9F73D1D51CA04FF900EA72A7 /* GameLevels.json in Resources */,
				9F44D20F1C84B21A00640046 /* LaunchScreen.storyboard in Resources */,
			);
			runOnlyForDeploymentPostprocessing = 0;
		};
		9FACAADB1C72BCC20051A435 /* Resources */ = {
			isa = PBXResourcesBuildPhase;
			buildActionMask = 2147483647;
			files = (
			);
			runOnlyForDeploymentPostprocessing = 0;
		};
/* End PBXResourcesBuildPhase section */

/* Begin PBXShellScriptBuildPhase section */
		2DBABDD6BFB6D9B43F4F53D6 /* Check Pods Manifest.lock */ = {
			isa = PBXShellScriptBuildPhase;
			buildActionMask = 2147483647;
			files = (
			);
			inputPaths = (
			);
			name = "Check Pods Manifest.lock";
			outputPaths = (
			);
			runOnlyForDeploymentPostprocessing = 0;
			shellPath = /bin/sh;
			shellScript = "diff \"${PODS_ROOT}/../Podfile.lock\" \"${PODS_ROOT}/Manifest.lock\" > /dev/null\nif [[ $? != 0 ]] ; then\n    cat << EOM\nerror: The sandbox is not in sync with the Podfile.lock. Run 'pod install' or update your CocoaPods installation.\nEOM\n    exit 1\nfi\n";
			showEnvVarsInLog = 0;
		};
		5D149B107F3D1DDBB79747ED /* Copy Pods Resources */ = {
			isa = PBXShellScriptBuildPhase;
			buildActionMask = 2147483647;
			files = (
			);
			inputPaths = (
			);
			name = "Copy Pods Resources";
			outputPaths = (
			);
			runOnlyForDeploymentPostprocessing = 0;
			shellPath = /bin/sh;
			shellScript = "\"${SRCROOT}/Pods/Target Support Files/Pods/Pods-resources.sh\"\n";
			showEnvVarsInLog = 0;
		};
		897A0C323FA46B8AB41EACB1 /* Copy Pods Resources */ = {
			isa = PBXShellScriptBuildPhase;
			buildActionMask = 2147483647;
			files = (
			);
			inputPaths = (
			);
			name = "Copy Pods Resources";
			outputPaths = (
			);
			runOnlyForDeploymentPostprocessing = 0;
			shellPath = /bin/sh;
			shellScript = "\"${SRCROOT}/Pods/Target Support Files/Pods/Pods-resources.sh\"\n";
			showEnvVarsInLog = 0;
		};
		9F44D22E1C84B55B00640046 /* Run Swift Lint */ = {
			isa = PBXShellScriptBuildPhase;
			buildActionMask = 2147483647;
			files = (
			);
			inputPaths = (
			);
			name = "Run Swift Lint";
			outputPaths = (
			);
			runOnlyForDeploymentPostprocessing = 0;
			shellPath = /bin/sh;
			shellScript = "if which swiftlint >/dev/null; then\nswiftlint\nelse\necho \"SwiftLint does not exist, download from https://github.com/realm/SwiftLint\"\nfi";
		};
		9F44D2351C84C14100640046 /* Run Crashlytics */ = {
			isa = PBXShellScriptBuildPhase;
			buildActionMask = 2147483647;
			files = (
			);
			inputPaths = (
			);
			name = "Run Crashlytics";
			outputPaths = (
			);
			runOnlyForDeploymentPostprocessing = 0;
			shellPath = /bin/sh;
			shellScript = "\"${PODS_ROOT}/Fabric/run\" 8848a7672c67cf781cf1f20388b3c330c7f0d5be 34855c0cf709ce272884a13e3b1b0fc95ccabe1bd0ed15f3328369ad3f77b1ef";
		};
		B8BB0EEF8865D3D73820D2B4 /* Embed Pods Frameworks */ = {
			isa = PBXShellScriptBuildPhase;
			buildActionMask = 2147483647;
			files = (
			);
			inputPaths = (
			);
			name = "Embed Pods Frameworks";
			outputPaths = (
			);
			runOnlyForDeploymentPostprocessing = 0;
			shellPath = /bin/sh;
			shellScript = "\"${SRCROOT}/Pods/Target Support Files/Pods/Pods-frameworks.sh\"\n";
			showEnvVarsInLog = 0;
		};
		E0949EFFE92A2E49DAF13B90 /* Check Pods Manifest.lock */ = {
			isa = PBXShellScriptBuildPhase;
			buildActionMask = 2147483647;
			files = (
			);
			inputPaths = (
			);
			name = "Check Pods Manifest.lock";
			outputPaths = (
			);
			runOnlyForDeploymentPostprocessing = 0;
			shellPath = /bin/sh;
			shellScript = "diff \"${PODS_ROOT}/../Podfile.lock\" \"${PODS_ROOT}/Manifest.lock\" > /dev/null\nif [[ $? != 0 ]] ; then\n    cat << EOM\nerror: The sandbox is not in sync with the Podfile.lock. Run 'pod install' or update your CocoaPods installation.\nEOM\n    exit 1\nfi\n";
			showEnvVarsInLog = 0;
		};
		FBC9944723AC72372E27FA4E /* Embed Pods Frameworks */ = {
			isa = PBXShellScriptBuildPhase;
			buildActionMask = 2147483647;
			files = (
			);
			inputPaths = (
			);
			name = "Embed Pods Frameworks";
			outputPaths = (
			);
			runOnlyForDeploymentPostprocessing = 0;
			shellPath = /bin/sh;
			shellScript = "\"${SRCROOT}/Pods/Target Support Files/Pods/Pods-frameworks.sh\"\n";
			showEnvVarsInLog = 0;
		};
/* End PBXShellScriptBuildPhase section */

/* Begin PBXSourcesBuildPhase section */
		9FACAAC51C72BCC20051A435 /* Sources */ = {
			isa = PBXSourcesBuildPhase;
			buildActionMask = 2147483647;
			files = (
				9F44D2461C84C63900640046 /* ObserverSet.swift in Sources */,
				9F3C4BDF1C9251E700B37939 /* BannerView.swift in Sources */,
				9FE888E31C93F53400A39C2C /* StatsCell.swift in Sources */,
				9F44D2191C84B21A00640046 /* HandRank.swift in Sources */,
				9F1DDD271C8A13C7005F1D72 /* LevelCellItem.swift in Sources */,
				9F3C4BE61C925A7A00B37939 /* UIView+Nib.swift in Sources */,
				9F44D2471C84C63900640046 /* UIScreen+Size.swift in Sources */,
				9F44D2211C84B21A00640046 /* Rank.swift in Sources */,
				9F95E1621C879B3100D6F368 /* PlayerManager.swift in Sources */,
				9F44D23D1C84C61900640046 /* BaseViewController.swift in Sources */,
				9F3C4BE21C92586800B37939 /* TextBannerView.swift in Sources */,
				9F1BD3561C93701C00020AAA /* SharingItem.swift in Sources */,
				9F3C4B741C91E40800B37939 /* StatsView.swift in Sources */,
				9F44D2451C84C63900640046 /* NSObject+Utils.swift in Sources */,
				9F44D2321C84BAA900640046 /* MainScreen.swift in Sources */,
				9FE888EB1C94F6A000A39C2C /* Int64+Chips.swift in Sources */,
				9F1DDD091C89022A005F1D72 /* NavigationManager.swift in Sources */,
				9F95E1601C879A9D00D6F368 /* PlayerData.swift in Sources */,
				9F95E15E1C8761C700D6F368 /* LevelProgress.swift in Sources */,
				9F44D21D1C84B21A00640046 /* GameView.swift in Sources */,
				9F44D2151C84B21A00640046 /* Hand.swift in Sources */,
				9F44D2341C84BAC700640046 /* MainView.swift in Sources */,
				9F44D2181C84B21A00640046 /* HandOdds.swift in Sources */,
				9F44D21C1C84B21A00640046 /* GameScreen.swift in Sources */,
				9F44D2431C84C63900640046 /* Analytics.swift in Sources */,
				9F44D2141C84B21A00640046 /* Deck.swift in Sources */,
				9F183F721CA9D993002F4C5F /* HandsCollectionViewController.swift in Sources */,
				9F44D21B1C84B21A00640046 /* HandRankComparator.swift in Sources */,
				9F3C4B721C91E3C800B37939 /* StatsScreen.swift in Sources */,
				9F44D2231C84B21A00640046 /* UIColor+AppPalette.swift in Sources */,
				9FE888E71C93F62700A39C2C /* PlayerProgress.swift in Sources */,
				9FE888E51C93F54F00A39C2C /* StatsCellItem.swift in Sources */,
				9F1927091CA3260B009F7E30 /* HandsCollectionViewLayout.swift in Sources */,
				9F44D2441C84C63900640046 /* ModelProvider.swift in Sources */,
				9F1DDD251C8A13B3005F1D72 /* LevelCell.swift in Sources */,
				9F1DDD231C8A130E005F1D72 /* SharingManager.swift in Sources */,
				9F3C4BE81C925BDA00B37939 /* PlayerManagerObserver.swift in Sources */,
				9F44D2221C84B21A00640046 /* Suit.swift in Sources */,
				9FE888E91C93F76B00A39C2C /* Progress.swift in Sources */,
				9F44D2201C84B21A00640046 /* QuickArray.swift in Sources */,
				9F44D2121C84B21A00640046 /* AppDelegate.swift in Sources */,
				9F44D21A1C84B21A00640046 /* HandRankCalculator.swift in Sources */,
				9F44D2131C84B21A00640046 /* Card.swift in Sources */,
				9F93B4821C9750760092CBCB /* String+Path.swift in Sources */,
				9F44D21E1C84B21A00640046 /* HandOddsCalculator.swift in Sources */,
				9F44D2161C84B21A00640046 /* HandCell.swift in Sources */,
				9F95E15A1C875D0100D6F368 /* Level.swift in Sources */,
				9F44D2171C84B21A00640046 /* HandCellItem.swift in Sources */,
			);
			runOnlyForDeploymentPostprocessing = 0;
		};
		9FACAAD91C72BCC20051A435 /* Sources */ = {
			isa = PBXSourcesBuildPhase;
			buildActionMask = 2147483647;
			files = (
				9F1DDD291C8D0B27005F1D72 /* HoldemHandsTests.swift in Sources */,
			);
			runOnlyForDeploymentPostprocessing = 0;
		};
/* End PBXSourcesBuildPhase section */

/* Begin PBXTargetDependency section */
		9FACAADF1C72BCC20051A435 /* PBXTargetDependency */ = {
			isa = PBXTargetDependency;
			target = 9FACAAC81C72BCC20051A435 /* HoldemHands */;
			targetProxy = 9FACAADE1C72BCC20051A435 /* PBXContainerItemProxy */;
		};
/* End PBXTargetDependency section */

/* Begin PBXVariantGroup section */
		9F44D1F61C84B21A00640046 /* LaunchScreen.storyboard */ = {
			isa = PBXVariantGroup;
			children = (
				9F44D1F71C84B21A00640046 /* Base */,
			);
			name = LaunchScreen.storyboard;
			sourceTree = "<group>";
		};
		9F44D1F81C84B21A00640046 /* Main.storyboard */ = {
			isa = PBXVariantGroup;
			children = (
				9F44D1F91C84B21A00640046 /* Base */,
			);
			name = Main.storyboard;
			sourceTree = "<group>";
		};
/* End PBXVariantGroup section */

/* Begin XCBuildConfiguration section */
		9FACAAE41C72BCC20051A435 /* Debug */ = {
			isa = XCBuildConfiguration;
			buildSettings = {
				ALWAYS_SEARCH_USER_PATHS = NO;
				CLANG_CXX_LANGUAGE_STANDARD = "gnu++0x";
				CLANG_CXX_LIBRARY = "libc++";
				CLANG_ENABLE_MODULES = YES;
				CLANG_ENABLE_OBJC_ARC = YES;
				CLANG_WARN_BOOL_CONVERSION = YES;
				CLANG_WARN_CONSTANT_CONVERSION = YES;
				CLANG_WARN_DIRECT_OBJC_ISA_USAGE = YES_ERROR;
				CLANG_WARN_EMPTY_BODY = YES;
				CLANG_WARN_ENUM_CONVERSION = YES;
				CLANG_WARN_INT_CONVERSION = YES;
				CLANG_WARN_OBJC_ROOT_CLASS = YES_ERROR;
				CLANG_WARN_UNREACHABLE_CODE = YES;
				CLANG_WARN__DUPLICATE_METHOD_MATCH = YES;
				"CODE_SIGN_IDENTITY[sdk=iphoneos*]" = "iPhone Developer";
				COPY_PHASE_STRIP = NO;
				DEBUG_INFORMATION_FORMAT = dwarf;
				ENABLE_STRICT_OBJC_MSGSEND = YES;
				ENABLE_TESTABILITY = YES;
				GCC_C_LANGUAGE_STANDARD = gnu99;
				GCC_DYNAMIC_NO_PIC = NO;
				GCC_NO_COMMON_BLOCKS = YES;
				GCC_OPTIMIZATION_LEVEL = 0;
				GCC_PREPROCESSOR_DEFINITIONS = (
					"DEBUG=1",
					"$(inherited)",
				);
				GCC_WARN_64_TO_32_BIT_CONVERSION = YES;
				GCC_WARN_ABOUT_RETURN_TYPE = YES_ERROR;
				GCC_WARN_UNDECLARED_SELECTOR = YES;
				GCC_WARN_UNINITIALIZED_AUTOS = YES_AGGRESSIVE;
				GCC_WARN_UNUSED_FUNCTION = YES;
				GCC_WARN_UNUSED_VARIABLE = YES;
				IPHONEOS_DEPLOYMENT_TARGET = 9.2;
				MTL_ENABLE_DEBUG_INFO = YES;
				ONLY_ACTIVE_ARCH = YES;
				SDKROOT = iphoneos;
				SWIFT_OPTIMIZATION_LEVEL = "-Onone";
			};
			name = Debug;
		};
		9FACAAE51C72BCC20051A435 /* Release */ = {
			isa = XCBuildConfiguration;
			buildSettings = {
				ALWAYS_SEARCH_USER_PATHS = NO;
				CLANG_CXX_LANGUAGE_STANDARD = "gnu++0x";
				CLANG_CXX_LIBRARY = "libc++";
				CLANG_ENABLE_MODULES = YES;
				CLANG_ENABLE_OBJC_ARC = YES;
				CLANG_WARN_BOOL_CONVERSION = YES;
				CLANG_WARN_CONSTANT_CONVERSION = YES;
				CLANG_WARN_DIRECT_OBJC_ISA_USAGE = YES_ERROR;
				CLANG_WARN_EMPTY_BODY = YES;
				CLANG_WARN_ENUM_CONVERSION = YES;
				CLANG_WARN_INT_CONVERSION = YES;
				CLANG_WARN_OBJC_ROOT_CLASS = YES_ERROR;
				CLANG_WARN_UNREACHABLE_CODE = YES;
				CLANG_WARN__DUPLICATE_METHOD_MATCH = YES;
				"CODE_SIGN_IDENTITY[sdk=iphoneos*]" = "iPhone Developer";
				COPY_PHASE_STRIP = NO;
				DEBUG_INFORMATION_FORMAT = "dwarf-with-dsym";
				ENABLE_NS_ASSERTIONS = NO;
				ENABLE_STRICT_OBJC_MSGSEND = YES;
				GCC_C_LANGUAGE_STANDARD = gnu99;
				GCC_NO_COMMON_BLOCKS = YES;
				GCC_WARN_64_TO_32_BIT_CONVERSION = YES;
				GCC_WARN_ABOUT_RETURN_TYPE = YES_ERROR;
				GCC_WARN_UNDECLARED_SELECTOR = YES;
				GCC_WARN_UNINITIALIZED_AUTOS = YES_AGGRESSIVE;
				GCC_WARN_UNUSED_FUNCTION = YES;
				GCC_WARN_UNUSED_VARIABLE = YES;
				IPHONEOS_DEPLOYMENT_TARGET = 9.2;
				MTL_ENABLE_DEBUG_INFO = NO;
				SDKROOT = iphoneos;
				VALIDATE_PRODUCT = YES;
			};
			name = Release;
		};
		9FACAAE71C72BCC20051A435 /* Debug */ = {
			isa = XCBuildConfiguration;
			baseConfigurationReference = 38F1C5899B0FDC694E47BE96 /* Pods.debug.xcconfig */;
			buildSettings = {
				ASSETCATALOG_COMPILER_APPICON_NAME = AppIcon;
				CODE_SIGN_ENTITLEMENTS = Resources/HoldemHands.entitlements;
				CODE_SIGN_IDENTITY = "iPhone Developer";
				"CODE_SIGN_IDENTITY[sdk=iphoneos*]" = "iPhone Developer";
				DEBUG_INFORMATION_FORMAT = "dwarf-with-dsym";
				GCC_OPTIMIZATION_LEVEL = 0;
				INFOPLIST_FILE = Resources/Info.plist;
				IPHONEOS_DEPLOYMENT_TARGET = 9.0;
				LD_RUNPATH_SEARCH_PATHS = "$(inherited) @executable_path/Frameworks";
				OTHER_SWIFT_FLAGS = "$(inherited) \"-D\" \"COCOAPODS\" -D DEBUG";
				PRODUCT_BUNDLE_IDENTIFIER = com.visput.holdemhands.prod;
				PRODUCT_NAME = HoldemHands;
				PROVISIONING_PROFILE = "";
				TARGETED_DEVICE_FAMILY = 1;
			};
			name = Debug;
		};
		9FACAAE81C72BCC20051A435 /* Release */ = {
			isa = XCBuildConfiguration;
			baseConfigurationReference = 25C523273D3C4AF45346EF9E /* Pods.release.xcconfig */;
			buildSettings = {
				ASSETCATALOG_COMPILER_APPICON_NAME = AppIcon;
				CODE_SIGN_ENTITLEMENTS = Resources/HoldemHands.entitlements;
				CODE_SIGN_IDENTITY = "iPhone Distribution";
				"CODE_SIGN_IDENTITY[sdk=iphoneos*]" = "iPhone Distribution";
				GCC_OPTIMIZATION_LEVEL = s;
				INFOPLIST_FILE = Resources/Info.plist;
				IPHONEOS_DEPLOYMENT_TARGET = 9.0;
				LD_RUNPATH_SEARCH_PATHS = "$(inherited) @executable_path/Frameworks";
				PRODUCT_BUNDLE_IDENTIFIER = com.visput.holdemhands.prod;
				PRODUCT_NAME = HoldemHands;
				PROVISIONING_PROFILE = "";
				SWIFT_OPTIMIZATION_LEVEL = "-Owholemodule";
				TARGETED_DEVICE_FAMILY = 1;
			};
			name = Release;
		};
		9FACAAEA1C72BCC20051A435 /* Debug */ = {
			isa = XCBuildConfiguration;
			baseConfigurationReference = 38F1C5899B0FDC694E47BE96 /* Pods.debug.xcconfig */;
			buildSettings = {
				BUNDLE_LOADER = "$(TEST_HOST)";
				CLANG_ENABLE_MODULES = YES;
				INFOPLIST_FILE = Tests/Info.plist;
				LD_RUNPATH_SEARCH_PATHS = "$(inherited) @executable_path/Frameworks @loader_path/Frameworks";
				PRODUCT_BUNDLE_IDENTIFIER = com.visput.holdemhandstests;
				PRODUCT_NAME = HoldemHandsTests;
				SWIFT_OPTIMIZATION_LEVEL = "-Onone";
				TEST_HOST = "$(BUILT_PRODUCTS_DIR)/HoldemHands.app/HoldemHands";
			};
			name = Debug;
		};
		9FACAAEB1C72BCC20051A435 /* Release */ = {
			isa = XCBuildConfiguration;
			baseConfigurationReference = 25C523273D3C4AF45346EF9E /* Pods.release.xcconfig */;
			buildSettings = {
				BUNDLE_LOADER = "$(TEST_HOST)";
				CLANG_ENABLE_MODULES = YES;
				INFOPLIST_FILE = Tests/Info.plist;
				LD_RUNPATH_SEARCH_PATHS = "$(inherited) @executable_path/Frameworks @loader_path/Frameworks";
				PRODUCT_BUNDLE_IDENTIFIER = com.visput.holdemhandstests;
				PRODUCT_NAME = HoldemHandsTests;
				TEST_HOST = "$(BUILT_PRODUCTS_DIR)/HoldemHands.app/HoldemHands";
			};
			name = Release;
		};
/* End XCBuildConfiguration section */

/* Begin XCConfigurationList section */
		9FACAAC41C72BCC20051A435 /* Build configuration list for PBXProject "HoldemHands" */ = {
			isa = XCConfigurationList;
			buildConfigurations = (
				9FACAAE41C72BCC20051A435 /* Debug */,
				9FACAAE51C72BCC20051A435 /* Release */,
			);
			defaultConfigurationIsVisible = 0;
			defaultConfigurationName = Release;
		};
		9FACAAE61C72BCC20051A435 /* Build configuration list for PBXNativeTarget "HoldemHands" */ = {
			isa = XCConfigurationList;
			buildConfigurations = (
				9FACAAE71C72BCC20051A435 /* Debug */,
				9FACAAE81C72BCC20051A435 /* Release */,
			);
			defaultConfigurationIsVisible = 0;
			defaultConfigurationName = Release;
		};
		9FACAAE91C72BCC20051A435 /* Build configuration list for PBXNativeTarget "HoldemHandsTests" */ = {
			isa = XCConfigurationList;
			buildConfigurations = (
				9FACAAEA1C72BCC20051A435 /* Debug */,
				9FACAAEB1C72BCC20051A435 /* Release */,
			);
			defaultConfigurationIsVisible = 0;
			defaultConfigurationName = Release;
		};
/* End XCConfigurationList section */
	};
	rootObject = 9FACAAC11C72BCC20051A435 /* Project object */;
}
